version = 1
revision = 3
requires-python = "==3.11.*"
resolution-markers = [
    "sys_platform == 'win32'",
    "sys_platform == 'emscripten'",
    "sys_platform != 'emscripten' and sys_platform != 'win32'",
]

[[package]]
name = "data-jobs-pipeline"
version = "0.1.0"
source = { virtual = "." }
dependencies = [
    { name = "pandas" },
    { name = "psycopg2-binary" },
    { name = "python-dotenv" },
]

[package.metadata]
requires-dist = [
    { name = "pandas", specifier = ">=3.0.3" },
    { name = "psycopg2-binary", specifier = ">=2.9.12" },
    { name = "python-dotenv", specifier = ">=1.2.2" },
]

[[package]]
name = "numpy"
version = "2.4.6"
source = { registry = "https://pypi.org/simple" }
sdist = { url = "https://files.pythonhosted.org/packages/d0/ad/fed0499ce6a338d2a03ebae59cd15093910c8875328855781952abf6c2fe/numpy-2.4.6.tar.gz", hash = "sha256:f3a3570c4a2a16746ac2c31a7c7c7b0c186b95ce902e33db6f28094ed7387dda", size = 20735807, upload-time = "2026-05-18T23:37:14.07Z" }
wheels = [
    { url = "https://files.pythonhosted.org/packages/b3/49/ec46835a70be8fa6446c495126ac84fdb28cb2558e1620ffb87a10c8b64c/numpy-2.4.6-cp311-cp311-macosx_10_9_x86_64.whl", hash = "sha256:0280e0356c0829a18d9de1cb7eee50ec22ca639878d7240307ca0943d73cd2c4", size = 16969194, upload-time = "2026-05-18T23:33:13.503Z" },
    { url = "https://files.pythonhosted.org/packages/0e/0d/f5957185c0ee2f3e12f78715aa9e3b353fd83633316c8532b38faa37e3f6/numpy-2.4.6-cp311-cp311-macosx_11_0_arm64.whl", hash = "sha256:110f8b71aacb688ec69062bb7f6938a0f8acb01b7c1c4beb453c65b6d234584d", size = 14964111, upload-time = "2026-05-18T23:33:17.795Z" },
    { url = "https://files.pythonhosted.org/packages/ad/40/40a40ee0ddf7ceb782c49af278894b686e586d65d8c1889c8b5da01a3d7d/numpy-2.4.6-cp311-cp311-macosx_14_0_arm64.whl", hash = "sha256:4cfe66903cc32a9921a6733d96b19bb6abf310397581bbad89c228f5abaf0ee8", size = 5469159, upload-time = "2026-05-18T23:33:20.654Z" },
    { url = "https://files.pythonhosted.org/packages/63/13/f9a8046535cb21deae82f8d03de9617e08882d274fad2539630761888228/numpy-2.4.6-cp311-cp311-macosx_14_0_x86_64.whl", hash = "sha256:8155154c7c691289fe18f510b5d4657c68c67989f293f0535a91360392ff6538", size = 6798936, upload-time = "2026-05-18T23:33:22.987Z" },
    { url = "https://files.pythonhosted.org/packages/33/a8/6fa8c1a345a8c85dbb21932c447bee07c30a2c2a3f31e369c0a84b300147/numpy-2.4.6-cp311-cp311-manylinux_2_27_aarch64.manylinux_2_28_aarch64.whl", hash = "sha256:0ab0a9c4ffb1a6d95ef519fe4247dba8eb6b18ad93999f76b7f657039acabd47", size = 15966692, upload-time = "2026-05-18T23:33:26.62Z" },
    { url = "https://files.pythonhosted.org/packages/02/03/74fe2a4cb3817d94d86402f2506554130a2f01414e299b5a843e5a8a957f/numpy-2.4.6-cp311-cp311-manylinux_2_27_x86_64.manylinux_2_28_x86_64.whl", hash = "sha256:89cd468399cfd2504718f0ba50e410dca55a170b61a02ad92bb18c8a65186e93", size = 16918164, upload-time = "2026-05-18T23:33:29.955Z" },
    { url = "https://files.pythonhosted.org/packages/c5/80/3615be3313f7e7696609bc194b9f0101da809df79e859bdb84e0cd043f46/numpy-2.4.6-cp311-cp311-musllinux_1_2_aarch64.whl", hash = "sha256:c2d37ab77531417474168eb79d6d80b14f821a966818505d03013d0833edb7a8", size = 17322877, upload-time = "2026-05-18T23:33:34.724Z" },
    { url = "https://files.pythonhosted.org/packages/ca/ac/a691e0fe2675e370d0e08ff905adc49a1c8830e8cae03efe4477e92cd55d/numpy-2.4.6-cp311-cp311-musllinux_1_2_x86_64.whl", hash = "sha256:f407cb6b8e9d6d8c626bc73c945db1706035af8fd632295547bf1c9e46d092d6", size = 18651487, upload-time = "2026-05-18T23:33:38.217Z" },
    { url = "https://files.pythonhosted.org/packages/15/a7/9bc1cd626d7bf6869bfedf27b91b6ab5dd607758bf8e959d6fa80c6a59cb/numpy-2.4.6-cp311-cp311-win32.whl", hash = "sha256:ddea102b48f9e339f3948bf22040944184627a30fdf7f858667673b9c5f033c8", size = 6233945, upload-time = "2026-05-18T23:33:41.331Z" },
    { url = "https://files.pythonhosted.org/packages/c5/31/7fc6239c12bce7e931463251cca4426c465e1876ba3cc785402ef4dd8f4e/numpy-2.4.6-cp311-cp311-win_amd64.whl", hash = "sha256:1e254a00cdf42b1e4d5b3d68d33af63268d41340d8885df2ab6470f2e1500147", size = 12608406, upload-time = "2026-05-18T23:33:44.131Z" },
    { url = "https://files.pythonhosted.org/packages/27/83/140f85a466595a16382996a1bf06b2b54bcd597488921b0c9daaeeda72af/numpy-2.4.6-cp311-cp311-win_arm64.whl", hash = "sha256:ed9749eef4cbd126da3dc1d6bcb3a57f5eb7ac6a6484146bdbf743f552dfc577", size = 10479528, upload-time = "2026-05-18T23:33:50.725Z" },
    { url = "https://files.pythonhosted.org/packages/de/12/b422cc84439adc0d00de605bf4a308890ae5c26f2c71fbd73e5d08fbb0dd/numpy-2.4.6-pp311-pypy311_pp73-macosx_10_15_x86_64.whl", hash = "sha256:55cced7c52e981362f708ad635198e97a752dfba412cc03c23bbf3bd8d5cd662", size = 16847511, upload-time = "2026-05-18T23:36:50.673Z" },
    { url = "https://files.pythonhosted.org/packages/44/53/f481bef68011740f8849418d82db07230e825013f31f4eef5ba5b805316a/numpy-2.4.6-pp311-pypy311_pp73-macosx_11_0_arm64.whl", hash = "sha256:d6da64deb6b8ed903e7560180a92f2d804ee1ba5eeb849ac2748b8c1aba1f6d7", size = 14889064, upload-time = "2026-05-18T23:36:53.879Z" },
    { url = "https://files.pythonhosted.org/packages/7f/57/42ed575c10ced8af951d426bc4e1f8aff16fd851db33f067036215a7f860/numpy-2.4.6-pp311-pypy311_pp73-macosx_14_0_arm64.whl", hash = "sha256:68a5124b13fa6cc2086764a20005d30bc0548146f7f5322f02fce212ca14317f", size = 5394157, upload-time = "2026-05-18T23:36:57.194Z" },
    { url = "https://files.pythonhosted.org/packages/6a/ef/f66cc724fcc36c1e364c67f51ae9146090b8b584f27d58b97fdae3edd737/numpy-2.4.6-pp311-pypy311_pp73-macosx_14_0_x86_64.whl", hash = "sha256:948424b06129ce883307e8cff868c31396d8dc7630a59c61d70d98dbe70f222c", size = 6708728, upload-time = "2026-05-18T23:36:59.575Z" },
    { url = "https://files.pythonhosted.org/packages/1a/9c/c531f2293b91265d8b48e9b329f54fdd7ffae73cb4134ea10cca4237e9cc/numpy-2.4.6-pp311-pypy311_pp73-manylinux_2_27_aarch64.manylinux_2_28_aarch64.whl", hash = "sha256:5dbbdb29840ca3d91ee0fece42fc29278886d908280bfec0a5846c6f901a3eb0", size = 15798374, upload-time = "2026-05-18T23:37:02.674Z" },
    { url = "https://files.pythonhosted.org/packages/1a/b0/413077f6b1153ed3cba361401c6783bbad6114804a000cc22eb71c13e190/numpy-2.4.6-pp311-pypy311_pp73-manylinux_2_27_x86_64.manylinux_2_28_x86_64.whl", hash = "sha256:8ad03c0965fb3c692200e74d458ca28c1dbb4ce96f9a479a8aa041ad5fabca02", size = 16747286, upload-time = "2026-05-18T23:37:06.327Z" },
    { url = "https://files.pythonhosted.org/packages/15/ce/e5ec180bc41812edcd8daeb8639d205622c0e8c02259d8ab25a0201b3c2a/numpy-2.4.6-pp311-pypy311_pp73-win_amd64.whl", hash = "sha256:2803abfebfc990042cd494d8ce2d5f82e9d847af6d35ec486923aa19dbad5e73", size = 12504263, upload-time = "2026-05-18T23:37:09.715Z" },
]

[[package]]
name = "pandas"
version = "3.0.3"
source = { registry = "https://pypi.org/simple" }
dependencies = [
    { name = "numpy" },
    { name = "python-dateutil" },
    { name = "tzdata", marker = "sys_platform == 'emscripten' or sys_platform == 'win32'" },
]
sdist = { url = "https://files.pythonhosted.org/packages/f8/87/4341c6252d1c47b08768c3d25ac487362bf403f0313ddae4a2a26c9b1b4c/pandas-3.0.3.tar.gz", hash = "sha256:696a4a00a2a2a35d4e5deb3fc946641b96c944f02230e4f76137fe35d806c4fc", size = 4651414, upload-time = "2026-05-11T18:54:29.21Z" }
wheels = [
    { url = "https://files.pythonhosted.org/packages/42/16/b5c76b838fd9bf6ce84d3a53346b8874ec05c5f0040d75ef2c320100cd2a/pandas-3.0.3-cp311-cp311-macosx_10_9_x86_64.whl", hash = "sha256:455f6f8139d4282188f526868dbc3c828470e88a3d9d59a891bd46a455f21b98", size = 10338495, upload-time = "2026-05-11T18:52:11.558Z" },
    { url = "https://files.pythonhosted.org/packages/5a/b0/a4ffc4ae74d2d822200dcc46898987d8eb6032d1e2b219cae39da6f5cbcc/pandas-3.0.3-cp311-cp311-macosx_11_0_arm64.whl", hash = "sha256:4e15135e2ee5df1063313e2425ceef8ac0f4ae775893815b0923651b806a5639", size = 9938250, upload-time = "2026-05-11T18:52:17.005Z" },
    { url = "https://files.pythonhosted.org/packages/2e/b2/3323601a52caee42c019e370090ca4544b241437240ca04f786cce82b0cf/pandas-3.0.3-cp311-cp311-manylinux_2_24_aarch64.manylinux_2_28_aarch64.whl", hash = "sha256:05f1f1752b8533ea03f7f39a9c15b1a058d067bb48f4748948e7a8691e0510f2", size = 10770558, upload-time = "2026-05-11T18:52:19.865Z" },
    { url = "https://files.pythonhosted.org/packages/32/f1/bbecd2f867b97abebe0f9b53d750f862251b40337e061b36676ded3d920f/pandas-3.0.3-cp311-cp311-manylinux_2_24_x86_64.manylinux_2_28_x86_64.whl", hash = "sha256:8a1e45c80cceb3b4a21bc5939d52e8cbd8d9b7305309219d59e9754d9ce09e27", size = 11274611, upload-time = "2026-05-11T18:52:22.622Z" },
    { url = "https://files.pythonhosted.org/packages/7f/4f/eafabf2d5fae5adf143b4d18d3706c5efdc368a7c4eb1ee8a3eddabbd0f6/pandas-3.0.3-cp311-cp311-musllinux_1_2_aarch64.whl", hash = "sha256:14da8316da4d0c5a77618425996bfb1248ca87fc2c1486e6fde4652bd18b5824", size = 11784670, upload-time = "2026-05-11T18:52:25.4Z" },
    { url = "https://files.pythonhosted.org/packages/49/44/1eb20389301b57b19cc099a1c2f662501f72f08a65f912d05822613c1532/pandas-3.0.3-cp311-cp311-musllinux_1_2_x86_64.whl", hash = "sha256:a55066a0505dae0ba2b50a46637db34b46f9094c65c5d4800794ef6335010938", size = 12353708, upload-time = "2026-05-11T18:52:28.139Z" },
    { url = "https://files.pythonhosted.org/packages/eb/62/c321f13b5ba1819fc8dca456c7fce578da2dcfecff1abbf0eaddf8406c0f/pandas-3.0.3-cp311-cp311-win_amd64.whl", hash = "sha256:6674ab18ad8c57802867264b00e15e7bb904700cdd9046e3b2fa1fce237439ea", size = 9907609, upload-time = "2026-05-11T18:52:30.982Z" },
    { url = "https://files.pythonhosted.org/packages/53/85/1b7f563ebc6357c27233a02a96b589bcce1fa9c6eb89fb4f0e56421d277e/pandas-3.0.3-cp311-cp311-win_arm64.whl", hash = "sha256:5cc09a68b3120e0f54870dede8287a7bb1fa463907e4fcec1ea77cab6179bf7a", size = 9165596, upload-time = "2026-05-11T18:52:33.334Z" },
]

[[package]]
name = "psycopg2-binary"
version = "2.9.12"
source = { registry = "https://pypi.org/simple" }
sdist = { url = "https://files.pythonhosted.org/packages/2a/60/a3624f79acea344c16fbef3a94d28b89a8042ddfb8f3e4ca83f538671409/psycopg2_binary-2.9.12.tar.gz", hash = "sha256:5ac9444edc768c02a6b6a591f070b8aae28ff3a99be57560ac996001580f294c", size = 379686, upload-time = "2026-04-21T09:40:34.304Z" }
wheels = [
    { url = "https://files.pythonhosted.org/packages/d5/19/d4ce60954f3bb9d8e3bc5e5c4d1f2487de2d3851bf2391d54954c9df12a6/psycopg2_binary-2.9.12-cp311-cp311-macosx_10_9_x86_64.whl", hash = "sha256:5c8ce6c61bd1b1f6b9c24ee32211599f6166af2c55abb19456090a21fd16554b", size = 3712338, upload-time = "2026-04-20T23:34:03.961Z" },
    { url = "https://files.pythonhosted.org/packages/53/71/c85409ee0d78890f0660eff262e815e7dd2bb741a17611d82e9e8cd9dc5e/psycopg2_binary-2.9.12-cp311-cp311-macosx_11_0_arm64.whl", hash = "sha256:b4a9eaa6e7f4ff91bec10aa3fb296878e75187bced5cc4bafe17dc40915e1326", size = 3822407, upload-time = "2026-04-20T23:34:05.977Z" },
    { url = "https://files.pythonhosted.org/packages/3c/ed/60486c2c7f0d4d1ede2bfb1ed27e2498477ce646bc7f6b2759906303117e/psycopg2_binary-2.9.12-cp311-cp311-manylinux2014_ppc64le.manylinux_2_17_ppc64le.whl", hash = "sha256:c6528cefc8e50fcc6f4a107e27a672058b36cc5736d665476aeb413ba88dbb06", size = 4578425, upload-time = "2026-04-20T23:34:08.246Z" },
    { url = "https://files.pythonhosted.org/packages/0b/b9/656cb03fad9f4f49f2145c334b1126ee75189929ca4e6187d485a2d59951/psycopg2_binary-2.9.12-cp311-cp311-manylinux2014_x86_64.manylinux_2_17_x86_64.whl", hash = "sha256:e4e184b1fb6072bf05388aa41c697e1b2d01b3473f107e7ec44f186a32cfd0b8", size = 4273709, upload-time = "2026-04-20T23:34:10.974Z" },
    { url = "https://files.pythonhosted.org/packages/99/66/08cf0da0e25cc6fb142c89be45fc8418792858f0c4cbff5e24530ff02cd6/psycopg2_binary-2.9.12-cp311-cp311-manylinux_2_27_aarch64.manylinux_2_28_aarch64.whl", hash = "sha256:4766ab678563054d3f1d064a4db19cc4b5f9e3a8d9018592a8285cf200c248f3", size = 5893779, upload-time = "2026-04-20T23:34:13.905Z" },
    { url = "https://files.pythonhosted.org/packages/17/d7/eecd9ce8e146d3721115d82d3836efdbb712187e4590325df549989d18f4/psycopg2_binary-2.9.12-cp311-cp311-manylinux_2_38_riscv64.manylinux_2_39_riscv64.whl", hash = "sha256:5a0253224780c978746cb9be55a946bcdaf40fe3519c0f622924cdabdafe2c39", size = 4109308, upload-time = "2026-04-20T23:34:16.761Z" },
    { url = "https://files.pythonhosted.org/packages/b6/2e/b1dc289b362cc8d45697b57eefbd673186f49a4ea0906928988e3affcc98/psycopg2_binary-2.9.12-cp311-cp311-musllinux_1_2_aarch64.whl", hash = "sha256:0dc9228d47c46bda253d2ecd6bb93b56a9f2d7ad33b684a1fa3622bf74ffe30c", size = 3654405, upload-time = "2026-04-20T23:34:19.303Z" },
    { url = "https://files.pythonhosted.org/packages/eb/e4/4c4aea6473214dbdbd0fbba11aa4691e76dc01722c55724c5951719865ff/psycopg2_binary-2.9.12-cp311-cp311-musllinux_1_2_ppc64le.whl", hash = "sha256:f921f3cd87035ef7df233383011d7a53ea1d346224752c1385f1edfd790ceb6a", size = 3299187, upload-time = "2026-04-20T23:34:21.206Z" },
    { url = "https://files.pythonhosted.org/packages/ba/5d/b03b99986446a4f57b170ed9a2579fb7ff9783ca0fa5226b19db99737fee/psycopg2_binary-2.9.12-cp311-cp311-musllinux_1_2_riscv64.whl", hash = "sha256:3d999bd982a723113c1a45b55a7a6a90d64d0ed2278020ed625c490ff7bef96c", size = 3047716, upload-time = "2026-04-20T23:34:23.077Z" },
    { url = "https://files.pythonhosted.org/packages/14/86/382ee4afbd1d97500c9d2862b20c2fdeddf4b7335e984df3fb4309f64108/psycopg2_binary-2.9.12-cp311-cp311-musllinux_1_2_x86_64.whl", hash = "sha256:29d4d134bd0ab46ffb04e94aa3c5fa3ef582e9026609165e2f758ff76fc3a3be", size = 3349237, upload-time = "2026-04-20T23:34:25.211Z" },
    { url = "https://files.pythonhosted.org/packages/a8/16/9a57c75ba1eda7165c017342f526810d5f5a12647dde749c99ae9a7141d7/psycopg2_binary-2.9.12-cp311-cp311-win_amd64.whl", hash = "sha256:cb4a1dacdd48077150dc762a9e5ddbf32c256d66cb46f80839391aa458774936", size = 2757036, upload-time = "2026-04-20T23:34:27.77Z" },
]

[[package]]
name = "python-dateutil"
version = "2.9.0.post0"
source = { registry = "https://pypi.org/simple" }
dependencies = [
    { name = "six" },
]
sdist = { url = "https://files.pythonhosted.org/packages/66/c0/0c8b6ad9f17a802ee498c46e004a0eb49bc148f2fd230864601a86dcf6db/python-dateutil-2.9.0.post0.tar.gz", hash = "sha256:37dd54208da7e1cd875388217d5e00ebd4179249f90fb72437e91a35459a0ad3", size = 342432, upload-time = "2024-03-01T18:36:20.211Z" }
wheels = [
    { url = "https://files.pythonhosted.org/packages/ec/57/56b9bcc3c9c6a792fcbaf139543cee77261f3651ca9da0c93f5c1221264b/python_dateutil-2.9.0.post0-py2.py3-none-any.whl", hash = "sha256:a8b2bc7bffae282281c8140a97d3aa9c14da0b136dfe83f850eea9a5f7470427", size = 229892, upload-time = "2024-03-01T18:36:18.57Z" },
]

[[package]]
name = "python-dotenv"
version = "1.2.2"
source = { registry = "https://pypi.org/simple" }
sdist = { url = "https://files.pythonhosted.org/packages/82/ed/0301aeeac3e5353ef3d94b6ec08bbcabd04a72018415dcb29e588514bba8/python_dotenv-1.2.2.tar.gz", hash = "sha256:2c371a91fbd7ba082c2c1dc1f8bf89ca22564a087c2c287cd9b662adde799cf3", size = 50135, upload-time = "2026-03-01T16:00:26.196Z" }
wheels = [
    { url = "https://files.pythonhosted.org/packages/0b/d7/1959b9648791274998a9c3526f6d0ec8fd2233e4d4acce81bbae76b44b2a/python_dotenv-1.2.2-py3-none-any.whl", hash = "sha256:1d8214789a24de455a8b8bd8ae6fe3c6b69a5e3d64aa8a8e5d68e694bbcb285a", size = 22101, upload-time = "2026-03-01T16:00:25.09Z" },
]

[[package]]
name = "six"
version = "1.17.0"
source = { registry = "https://pypi.org/simple" }
sdist = { url = "https://files.pythonhosted.org/packages/94/e7/b2c673351809dca68a0e064b6af791aa332cf192da575fd474ed7d6f16a2/six-1.17.0.tar.gz", hash = "sha256:ff70335d468e7eb6ec65b95b99d3a2836546063f63acc5171de367e834932a81", size = 34031, upload-time = "2024-12-04T17:35:28.174Z" }
wheels = [
    { url = "https://files.pythonhosted.org/packages/b7/ce/149a00dd41f10bc29e5921b496af8b574d8413afcd5e30dfa0ed46c2cc5e/six-1.17.0-py2.py3-none-any.whl", hash = "sha256:4721f391ed90541fddacab5acf947aa0d3dc7d27b2e1e8eda2be8970586c3274", size = 11050, upload-time = "2024-12-04T17:35:26.475Z" },
]

[[package]]
name = "tzdata"
version = "2026.2"
source = { registry = "https://pypi.org/simple" }
sdist = { url = "https://files.pythonhosted.org/packages/ba/19/1b9b0e29f30c6d35cb345486df41110984ea67ae69dddbc0e8a100999493/tzdata-2026.2.tar.gz", hash = "sha256:9173fde7d80d9018e02a662e168e5a2d04f87c41ea174b139fbef642eda62d10", size = 198254, upload-time = "2026-04-24T15:22:08.651Z" }
wheels = [
    { url = "https://files.pythonhosted.org/packages/ce/e4/dccd7f47c4b64213ac01ef921a1337ee6e30e8c6466046018326977efd95/tzdata-2026.2-py2.py3-none-any.whl", hash = "sha256:bbe9af844f658da81a5f95019480da3a89415801f6cc966806612cc7169bffe7", size = 349321, upload-time = "2026-04-24T15:22:05.876Z" },
]
